
Microsoft Visual Studio Solution File, Format Version 12.00
# Visual Studio 2012
Project("{FAE04EC0-301F-11D3-BF4B-00C04F79EFBC}") = "MifareCalculator", "MifareCalculator\MifareCalculator.csproj", "{F44AA387-0894-42DD-B939-986C832A3502}"
EndProject
Global
	GlobalSection(SolutionConfigurationPlatforms) = preSolution
		Debug|Any CPU = Debug|Any CPU
		Release|Any CPU = Release|Any CPU
	EndGlobalSection
	GlobalSection(ProjectConfigurationPlatforms) = postSolution
		{F44AA387-0894-42DD-B939-986C832A3502}.Debug|Any CPU.ActiveCfg = Debug|Any CPU
		{F44AA387-0894-42DD-B939-986C832A3502}.Debug|Any CPU.Build.0 = Debug|Any CPU
		{F44AA387-0894-42DD-B939-986C832A3502}.Release|Any CPU.ActiveCfg = Release|Any CPU
		{F44AA387-0894-42DD-B939-986C832A3502}.Release|Any CPU.Build.0 = Release|Any CPU
	EndGlobalSection
	GlobalSection(SolutionProperties) = preSolution
		HideSolutionNode = FALSE
	EndGlobalSection
EndGlobal
